
Microsoft Visual Studio Solution File, Format Version 12.00
# Visual Studio Version 17
VisualStudioVersion = 17.9.34622.214
MinimumVisualStudioVersion = 10.0.40219.1
Project("{FAE04EC0-301F-11D3-BF4B-00C04F79EFBC}") = "KitchenStoryProject", "KitchenStoryProject\KitchenStoryProject.csproj", "{611AC219-D77E-4776-AE2D-E694B7A37751}"
EndProject
Project("{FAE04EC0-301F-11D3-BF4B-00C04F79EFBC}") = "KitchenDALLib", "KitchenDALLib\KitchenDALLib.csproj", "{35ECC01D-8EF5-4E6A-BE03-5884C83390BE}"
EndProject
Global
	GlobalSection(SolutionConfigurationPlatforms) = preSolution
		Debug|Any CPU = Debug|Any CPU
		Release|Any CPU = Release|Any CPU
	EndGlobalSection
	GlobalSection(ProjectConfigurationPlatforms) = postSolution
		{611AC219-D77E-4776-AE2D-E694B7A37751}.Debug|Any CPU.ActiveCfg = Debug|Any CPU
		{611AC219-D77E-4776-AE2D-E694B7A37751}.Debug|Any CPU.Build.0 = Debug|Any CPU
		{611AC219-D77E-4776-AE2D-E694B7A37751}.Release|Any CPU.ActiveCfg = Release|Any CPU
		{611AC219-D77E-4776-AE2D-E694B7A37751}.Release|Any CPU.Build.0 = Release|Any CPU
		{35ECC01D-8EF5-4E6A-BE03-5884C83390BE}.Debug|Any CPU.ActiveCfg = Debug|Any CPU
		{35ECC01D-8EF5-4E6A-BE03-5884C83390BE}.Debug|Any CPU.Build.0 = Debug|Any CPU
		{35ECC01D-8EF5-4E6A-BE03-5884C83390BE}.Release|Any CPU.ActiveCfg = Release|Any CPU
		{35ECC01D-8EF5-4E6A-BE03-5884C83390BE}.Release|Any CPU.Build.0 = Release|Any CPU
	EndGlobalSection
	GlobalSection(SolutionProperties) = preSolution
		HideSolutionNode = FALSE
	EndGlobalSection
	GlobalSection(ExtensibilityGlobals) = postSolution
		SolutionGuid = {0BFFFFF1-C4C7-4F02-AE28-2D371225987C}
	EndGlobalSection
EndGlobal
